// !$*UTF8*$!
{
	archiveVersion = 1;
	classes = {
	};
	objectVersion = 77;
	objects = {

/* Begin PBXBuildFile section */
		300F23EB2E4181C300711F22 /* FirebaseAuth in Frameworks */ = {isa = PBXBuildFile; productRef = 300F23EA2E4181C300711F22 /* FirebaseAuth */; };
		30802E182E491B76006144CE /* FirebaseFirestore in Frameworks */ = {isa = PBXBuildFile; productRef = 30802E172E491B76006144CE /* FirebaseFirestore */; };
/* End PBXBuildFile section */

/* Begin PBXContainerItemProxy section */
		304F239F2E36850D0052631F /* PBXContainerItemProxy */ = {
			isa = PBXContainerItemProxy;
			containerPortal = 304F23842E36850C0052631F /* Project object */;
			proxyType = 1;
			remoteGlobalIDString = 304F238B2E36850C0052631F;
			remoteInfo = Clubi;
		};
		304F23A92E36850D0052631F /* PBXContainerItemProxy */ = {
			isa = PBXContainerItemProxy;
			containerPortal = 304F23842E36850C0052631F /* Project object */;
			proxyType = 1;
			remoteGlobalIDString = 304F238B2E36850C0052631F;
			remoteInfo = Clubi;
		};
/* End PBXContainerItemProxy section */

/* Begin PBXFileReference section */
		304F238C2E36850C0052631F /* Clubi.app */ = {isa = PBXFileReference; explicitFileType = wrapper.application; includeInIndex = 0; path = Clubi.app; sourceTree = BUILT_PRODUCTS_DIR; };
		304F239E2E36850D0052631F /* ClubiTests.xctest */ = {isa = PBXFileReference; explicitFileType = wrapper.cfbundle; includeInIndex = 0; path = ClubiTests.xctest; sourceTree = BUILT_PRODUCTS_DIR; };
		304F23A82E36850D0052631F /* ClubiUITests.xctest */ = {isa = PBXFileReference; explicitFileType = wrapper.cfbundle; includeInIndex = 0; path = ClubiUITests.xctest; sourceTree = BUILT_PRODUCTS_DIR; };
/* End PBXFileReference section */

/* Begin PBXFileSystemSynchronizedRootGroup section */
		304F238E2E36850C0052631F /* Clubi */ = {
			isa = PBXFileSystemSynchronizedRootGroup;
			path = Clubi;
			sourceTree = "<group>";
		};
		304F23A12E36850D0052631F /* ClubiTests */ = {
			isa = PBXFileSystemSynchronizedRootGroup;
			path = ClubiTests;
			sourceTree = "<group>";
		};
		304F23AB2E36850D0052631F /* ClubiUITests */ = {
			isa = PBXFileSystemSynchronizedRootGroup;
			path = ClubiUITests;
			sourceTree = "<group>";
		};
/* End PBXFileSystemSynchronizedRootGroup section */

/* Begin PBXFrameworksBuildPhase section */
		304F23892E36850C0052631F /* Frameworks */ = {
			isa = PBXFrameworksBuildPhase;
			buildActionMask = 2147483647;
			files = (
				300F23EB2E4181C300711F22 /* FirebaseAuth in Frameworks */,
				30802E182E491B76006144CE /* FirebaseFirestore in Frameworks */,
			);
			runOnlyForDeploymentPostprocessing = 0;
		};
		304F239B2E36850D0052631F /* Frameworks */ = {
			isa = PBXFrameworksBuildPhase;
			buildActionMask = 2147483647;
			files = (
			);
			runOnlyForDeploymentPostprocessing = 0;
		};
		304F23A52E36850D0052631F /* Frameworks */ = {
			isa = PBXFrameworksBuildPhase;
			buildActionMask = 2147483647;
			files = (
			);
			runOnlyForDeploymentPostprocessing = 0;
		};
/* End PBXFrameworksBuildPhase section */

/* Begin PBXGroup section */
		304F23832E36850C0052631F = {
			isa = PBXGroup;
			children = (
				304F238E2E36850C0052631F /* Clubi */,
				304F23A12E36850D0052631F /* ClubiTests */,
				304F23AB2E36850D0052631F /* ClubiUITests */,
				304F238D2E36850C0052631F /* Products */,
			);
			sourceTree = "<group>";
		};
		304F238D2E36850C0052631F /* Products */ = {
			isa = PBXGroup;
			children = (
				304F238C2E36850C0052631F /* Clubi.app */,
				304F239E2E36850D0052631F /* ClubiTests.xctest */,
				304F23A82E36850D0052631F /* ClubiUITests.xctest */,
			);
			name = Products;
			sourceTree = "<group>";
		};
/* End PBXGroup section */

/* Begin PBXNativeTarget section */
		304F238B2E36850C0052631F /* Clubi */ = {
			isa = PBXNativeTarget;
			buildConfigurationList = 304F23B22E36850D0052631F /* Build configuration list for PBXNativeTarget "Clubi" */;
			buildPhases = (
				304F23882E36850C0052631F /* Sources */,
				304F23892E36850C0052631F /* Frameworks */,
				304F238A2E36850C0052631F /* Resources */,
			);
			buildRules = (
			);
			dependencies = (
			);
			fileSystemSynchronizedGroups = (
				304F238E2E36850C0052631F /* Clubi */,
			);
			name = Clubi;
			packageProductDependencies = (
				300F23EA2E4181C300711F22 /* FirebaseAuth */,
				30802E172E491B76006144CE /* FirebaseFirestore */,
			);
			productName = Clubi;
			productReference = 304F238C2E36850C0052631F /* Clubi.app */;
			productType = "com.apple.product-type.application";
		};
		304F239D2E36850D0052631F /* ClubiTests */ = {
			isa = PBXNativeTarget;
			buildConfigurationList = 304F23B52E36850D0052631F /* Build configuration list for PBXNativeTarget "ClubiTests" */;
			buildPhases = (
				304F239A2E36850D0052631F /* Sources */,
				304F239B2E36850D0052631F /* Frameworks */,
				304F239C2E36850D0052631F /* Resources */,
			);
			buildRules = (
			);
			dependencies = (
				304F23A02E36850D0052631F /* PBXTargetDependency */,
			);
			fileSystemSynchronizedGroups = (
				304F23A12E36850D0052631F /* ClubiTests */,
			);
			name = ClubiTests;
			packageProductDependencies = (
			);
			productName = ClubiTests;
			productReference = 304F239E2E36850D0052631F /* ClubiTests.xctest */;
			productType = "com.apple.product-type.bundle.unit-test";
		};
		304F23A72E36850D0052631F /* ClubiUITests */ = {
			isa = PBXNativeTarget;
			buildConfigurationList = 304F23B82E36850D0052631F /* Build configuration list for PBXNativeTarget "ClubiUITests" */;
			buildPhases = (
				304F23A42E36850D0052631F /* Sources */,
				304F23A52E36850D0052631F /* Frameworks */,
				304F23A62E36850D0052631F /* Resources */,
			);
			buildRules = (
			);
			dependencies = (
				304F23AA2E36850D0052631F /* PBXTargetDependency */,
			);
			fileSystemSynchronizedGroups = (
				304F23AB2E36850D0052631F /* ClubiUITests */,
			);
			name = ClubiUITests;
			packageProductDependencies = (
			);
			productName = ClubiUITests;
			productReference = 304F23A82E36850D0052631F /* ClubiUITests.xctest */;
			productType = "com.apple.product-type.bundle.ui-testing";
		};
/* End PBXNativeTarget section */

/* Begin PBXProject section */
		304F23842E36850C0052631F /* Project object */ = {
			isa = PBXProject;
			attributes = {
				BuildIndependentTargetsInParallel = 1;
				LastSwiftUpdateCheck = 1620;
				LastUpgradeCheck = 1620;
				TargetAttributes = {
					304F238B2E36850C0052631F = {
						CreatedOnToolsVersion = 16.2;
					};
					304F239D2E36850D0052631F = {
						CreatedOnToolsVersion = 16.2;
						TestTargetID = 304F238B2E36850C0052631F;
					};
					304F23A72E36850D0052631F = {
						CreatedOnToolsVersion = 16.2;
						TestTargetID = 304F238B2E36850C0052631F;
					};
				};
			};
			buildConfigurationList = 304F23872E36850C0052631F /* Build configuration list for PBXProject "Clubi" */;
			developmentRegion = en;
			hasScannedForEncodings = 0;
			knownRegions = (
				en,
				Base,
			);
			mainGroup = 304F23832E36850C0052631F;
			minimizedProjectReferenceProxies = 1;
			packageReferences = (
				300F23E92E4181C300711F22 /* XCRemoteSwiftPackageReference "firebase-ios-sdk" */,
			);
			preferredProjectObjectVersion = 77;
			productRefGroup = 304F238D2E36850C0052631F /* Products */;
			projectDirPath = "";
			projectRoot = "";
			targets = (
				304F238B2E36850C0052631F /* Clubi */,
				304F239D2E36850D0052631F /* ClubiTests */,
				304F23A72E36850D0052631F /* ClubiUITests */,
			);
		};
/* End PBXProject section */

/* Begin PBXResourcesBuildPhase section */
		304F238A2E36850C0052631F /* Resources */ = {
			isa = PBXResourcesBuildPhase;
			buildActionMask = 2147483647;
			files = (
			);
			runOnlyForDeploymentPostprocessing = 0;
		};
		304F239C2E36850D0052631F /* Resources */ = {
			isa = PBXResourcesBuildPhase;
			buildActionMask = 2147483647;
			files = (
			);
			runOnlyForDeploymentPostprocessing = 0;
		};
		304F23A62E36850D0052631F /* Resources */ = {
			isa = PBXResourcesBuildPhase;
			buildActionMask = 2147483647;
			files = (
			);
			runOnlyForDeploymentPostprocessing = 0;
		};
/* End PBXResourcesBuildPhase section */

/* Begin PBXSourcesBuildPhase section */
		304F23882E36850C0052631F /* Sources */ = {
			isa = PBXSourcesBuildPhase;
			buildActionMask = 2147483647;
			files = (
			);
			runOnlyForDeploymentPostprocessing = 0;
		};
		304F239A2E36850D0052631F /* Sources */ = {
			isa = PBXSourcesBuildPhase;
			buildActionMask = 2147483647;
			files = (
			);
			runOnlyForDeploymentPostprocessing = 0;
		};
		304F23A42E36850D0052631F /* Sources */ = {
			isa = PBXSourcesBuildPhase;
			buildActionMask = 2147483647;
			files = (
			);
			runOnlyForDeploymentPostprocessing = 0;
		};
/* End PBXSourcesBuildPhase section */

/* Begin PBXTargetDependency section */
		304F23A02E36850D0052631F /* PBXTargetDependency */ = {
			isa = PBXTargetDependency;
			target = 304F238B2E36850C0052631F /* Clubi */;
			targetProxy = 304F239F2E36850D0052631F /* PBXContainerItemProxy */;
		};
		304F23AA2E36850D0052631F /* PBXTargetDependency */ = {
			isa = PBXTargetDependency;
			target = 304F238B2E36850C0052631F /* Clubi */;
			targetProxy = 304F23A92E36850D0052631F /* PBXContainerItemProxy */;
		};
/* End PBXTargetDependency section */

/* Begin XCBuildConfiguration section */
		304F23B02E36850D0052631F /* Debug */ = {
			isa = XCBuildConfiguration;
			buildSettings = {
				ALWAYS_SEARCH_USER_PATHS = NO;
				ASSETCATALOG_COMPILER_GENERATE_SWIFT_ASSET_SYMBOL_EXTENSIONS = YES;
				CLANG_ANALYZER_NONNULL = YES;
				CLANG_ANALYZER_NUMBER_OBJECT_CONVERSION = YES_AGGRESSIVE;
				CLANG_CXX_LANGUAGE_STANDARD = "gnu++20";
				CLANG_ENABLE_MODULES = YES;
				CLANG_ENABLE_OBJC_ARC = YES;
				CLANG_ENABLE_OBJC_WEAK = YES;
				CLANG_WARN_BLOCK_CAPTURE_AUTORELEASING = YES;
				CLANG_WARN_BOOL_CONVERSION = YES;
				CLANG_WARN_COMMA = YES;
				CLANG_WARN_CONSTANT_CONVERSION = YES;
				CLANG_WARN_DEPRECATED_OBJC_IMPLEMENTATIONS = YES;
				CLANG_WARN_DIRECT_OBJC_ISA_USAGE = YES_ERROR;
				CLANG_WARN_DOCUMENTATION_COMMENTS = YES;
				CLANG_WARN_EMPTY_BODY = YES;
				CLANG_WARN_ENUM_CONVERSION = YES;
				CLANG_WARN_INFINITE_RECURSION = YES;
				CLANG_WARN_INT_CONVERSION = YES;
				CLANG_WARN_NON_LITERAL_NULL_CONVERSION = YES;
				CLANG_WARN_OBJC_IMPLICIT_RETAIN_SELF = YES;
				CLANG_WARN_OBJC_LITERAL_CONVERSION = YES;
				CLANG_WARN_OBJC_ROOT_CLASS = YES_ERROR;
				CLANG_WARN_QUOTED_INCLUDE_IN_FRAMEWORK_HEADER = YES;
				CLANG_WARN_RANGE_LOOP_ANALYSIS = YES;
				CLANG_WARN_STRICT_PROTOTYPES = YES;
				CLANG_WARN_SUSPICIOUS_MOVE = YES;
				CLANG_WARN_UNGUARDED_AVAILABILITY = YES_AGGRESSIVE;
				CLANG_WARN_UNREACHABLE_CODE = YES;
				CLANG_WARN__DUPLICATE_METHOD_MATCH = YES;
				COPY_PHASE_STRIP = NO;
				DEBUG_INFORMATION_FORMAT = dwarf;
				ENABLE_STRICT_OBJC_MSGSEND = YES;
				ENABLE_TESTABILITY = YES;
				ENABLE_USER_SCRIPT_SANDBOXING = YES;
				GCC_C_LANGUAGE_STANDARD = gnu17;
				GCC_DYNAMIC_NO_PIC = NO;
				GCC_NO_COMMON_BLOCKS = YES;
				GCC_OPTIMIZATION_LEVEL = 0;
				GCC_PREPROCESSOR_DEFINITIONS = (
					"DEBUG=1",
					"$(inherited)",
				);
				GCC_WARN_64_TO_32_BIT_CONVERSION = YES;
				GCC_WARN_ABOUT_RETURN_TYPE = YES_ERROR;
				GCC_WARN_UNDECLARED_SELECTOR = YES;
				GCC_WARN_UNINITIALIZED_AUTOS = YES_AGGRESSIVE;
				GCC_WARN_UNUSED_FUNCTION = YES;
				GCC_WARN_UNUSED_VARIABLE = YES;
				IPHONEOS_DEPLOYMENT_TARGET = 18.2;
				LOCALIZATION_PREFERS_STRING_CATALOGS = YES;
				MTL_ENABLE_DEBUG_INFO = INCLUDE_SOURCE;
				MTL_FAST_MATH = YES;
				ONLY_ACTIVE_ARCH = YES;
				SDKROOT = iphoneos;
				SWIFT_ACTIVE_COMPILATION_CONDITIONS = "DEBUG $(inherited)";
				SWIFT_OPTIMIZATION_LEVEL = "-Onone";
			};
			name = Debug;
		};
		304F23B12E36850D0052631F /* Release */ = {
			isa = XCBuildConfiguration;
			buildSettings = {
				ALWAYS_SEARCH_USER_PATHS = NO;
				ASSETCATALOG_COMPILER_GENERATE_SWIFT_ASSET_SYMBOL_EXTENSIONS = YES;
				CLANG_ANALYZER_NONNULL = YES;
				CLANG_ANALYZER_NUMBER_OBJECT_CONVERSION = YES_AGGRESSIVE;
				CLANG_CXX_LANGUAGE_STANDARD = "gnu++20";
				CLANG_ENABLE_MODULES = YES;
				CLANG_ENABLE_OBJC_ARC = YES;
				CLANG_ENABLE_OBJC_WEAK = YES;
				CLANG_WARN_BLOCK_CAPTURE_AUTORELEASING = YES;
				CLANG_WARN_BOOL_CONVERSION = YES;
				CLANG_WARN_COMMA = YES;
				CLANG_WARN_CONSTANT_CONVERSION = YES;
				CLANG_WARN_DEPRECATED_OBJC_IMPLEMENTATIONS = YES;
				CLANG_WARN_DIRECT_OBJC_ISA_USAGE = YES_ERROR;
				CLANG_WARN_DOCUMENTATION_COMMENTS = YES;
				CLANG_WARN_EMPTY_BODY = YES;
				CLANG_WARN_ENUM_CONVERSION = YES;
				CLANG_WARN_INFINITE_RECURSION = YES;
				CLANG_WARN_INT_CONVERSION = YES;
				CLANG_WARN_NON_LITERAL_NULL_CONVERSION = YES;
				CLANG_WARN_OBJC_IMPLICIT_RETAIN_SELF = YES;
				CLANG_WARN_OBJC_LITERAL_CONVERSION = YES;
				CLANG_WARN_OBJC_ROOT_CLASS = YES_ERROR;
				CLANG_WARN_QUOTED_INCLUDE_IN_FRAMEWORK_HEADER = YES;
				CLANG_WARN_RANGE_LOOP_ANALYSIS = YES;
				CLANG_WARN_STRICT_PROTOTYPES = YES;
				CLANG_WARN_SUSPICIOUS_MOVE = YES;
				CLANG_WARN_UNGUARDED_AVAILABILITY = YES_AGGRESSIVE;
				CLANG_WARN_UNREACHABLE_CODE = YES;
				CLANG_WARN__DUPLICATE_METHOD_MATCH = YES;
				COPY_PHASE_STRIP = NO;
				DEBUG_INFORMATION_FORMAT = "dwarf-with-dsym";
				ENABLE_NS_ASSERTIONS = NO;
				ENABLE_STRICT_OBJC_MSGSEND = YES;
				ENABLE_USER_SCRIPT_SANDBOXING = YES;
				GCC_C_LANGUAGE_STANDARD = gnu17;
				GCC_NO_COMMON_BLOCKS = YES;
				GCC_WARN_64_TO_32_BIT_CONVERSION = YES;
				GCC_WARN_ABOUT_RETURN_TYPE = YES_ERROR;
				GCC_WARN_UNDECLARED_SELECTOR = YES;
				GCC_WARN_UNINITIALIZED_AUTOS = YES_AGGRESSIVE;
				GCC_WARN_UNUSED_FUNCTION = YES;
				GCC_WARN_UNUSED_VARIABLE = YES;
				IPHONEOS_DEPLOYMENT_TARGET = 18.2;
				LOCALIZATION_PREFERS_STRING_CATALOGS = YES;
				MTL_ENABLE_DEBUG_INFO = NO;
				MTL_FAST_MATH = YES;
				SDKROOT = iphoneos;
				SWIFT_COMPILATION_MODE = wholemodule;
				VALIDATE_PRODUCT = YES;
			};
			name = Release;
		};
		304F23B32E36850D0052631F /* Debug */ = {
			isa = XCBuildConfiguration;
			buildSettings = {
				ASSETCATALOG_COMPILER_APPICON_NAME = AppIcon;
				ASSETCATALOG_COMPILER_GLOBAL_ACCENT_COLOR_NAME = AccentColor;
				CODE_SIGN_STYLE = Automatic;
				CURRENT_PROJECT_VERSION = 1;
				DEVELOPMENT_ASSET_PATHS = "\"Clubi/Preview Content\"";
				DEVELOPMENT_TEAM = MGX2XCNU48;
				ENABLE_PREVIEWS = YES;
				GENERATE_INFOPLIST_FILE = YES;
				INFOPLIST_KEY_UIApplicationSceneManifest_Generation = YES;
				INFOPLIST_KEY_UIApplicationSupportsIndirectInputEvents = YES;
				INFOPLIST_KEY_UILaunchScreen_Generation = YES;
				INFOPLIST_KEY_UISupportedInterfaceOrientations_iPad = "UIInterfaceOrientationPortrait UIInterfaceOrientationPortraitUpsideDown UIInterfaceOrientationLandscapeLeft UIInterfaceOrientationLandscapeRight";
				INFOPLIST_KEY_UISupportedInterfaceOrientations_iPhone = "UIInterfaceOrientationPortrait UIInterfaceOrientationLandscapeLeft UIInterfaceOrientationLandscapeRight";
				LD_RUNPATH_SEARCH_PATHS = (
					"$(inherited)",
					"@executable_path/Frameworks",
				);
				MARKETING_VERSION = 1.0;
				PRODUCT_BUNDLE_IDENTIFIER = Ron.Clubi;
				PRODUCT_NAME = "$(TARGET_NAME)";
				SWIFT_EMIT_LOC_STRINGS = YES;
				SWIFT_VERSION = 5.0;
				TARGETED_DEVICE_FAMILY = "1,2";
			};
			name = Debug;
		};
		304F23B42E36850D0052631F /* Release */ = {
			isa = XCBuildConfiguration;
			buildSettings = {
				ASSETCATALOG_COMPILER_APPICON_NAME = AppIcon;
				ASSETCATALOG_COMPILER_GLOBAL_ACCENT_COLOR_NAME = AccentColor;
				CODE_SIGN_STYLE = Automatic;
				CURRENT_PROJECT_VERSION = 1;
				DEVELOPMENT_ASSET_PATHS = "\"Clubi/Preview Content\"";
				DEVELOPMENT_TEAM = MGX2XCNU48;
				ENABLE_PREVIEWS = YES;
				GENERATE_INFOPLIST_FILE = YES;
				INFOPLIST_KEY_UIApplicationSceneManifest_Generation = YES;
				INFOPLIST_KEY_UIApplicationSupportsIndirectInputEvents = YES;
				INFOPLIST_KEY_UILaunchScreen_Generation = YES;
				INFOPLIST_KEY_UISupportedInterfaceOrientations_iPad = "UIInterfaceOrientationPortrait UIInterfaceOrientationPortraitUpsideDown UIInterfaceOrientationLandscapeLeft UIInterfaceOrientationLandscapeRight";
				INFOPLIST_KEY_UISupportedInterfaceOrientations_iPhone = "UIInterfaceOrientationPortrait UIInterfaceOrientationLandscapeLeft UIInterfaceOrientationLandscapeRight";
				LD_RUNPATH_SEARCH_PATHS = (
					"$(inherited)",
					"@executable_path/Frameworks",
				);
				MARKETING_VERSION = 1.0;
				PRODUCT_BUNDLE_IDENTIFIER = Ron.Clubi;
				PRODUCT_NAME = "$(TARGET_NAME)";
				SWIFT_EMIT_LOC_STRINGS = YES;
				SWIFT_VERSION = 5.0;
				TARGETED_DEVICE_FAMILY = "1,2";
			};
			name = Release;
		};
		304F23B62E36850D0052631F /* Debug */ = {
			isa = XCBuildConfiguration;
			buildSettings = {
				BUNDLE_LOADER = "$(TEST_HOST)";
				CODE_SIGN_STYLE = Automatic;
				CURRENT_PROJECT_VERSION = 1;
				DEVELOPMENT_TEAM = MGX2XCNU48;
				GENERATE_INFOPLIST_FILE = YES;
				IPHONEOS_DEPLOYMENT_TARGET = 18.2;
				MARKETING_VERSION = 1.0;
				PRODUCT_BUNDLE_IDENTIFIER = Ron.ClubiTests;
				PRODUCT_NAME = "$(TARGET_NAME)";
				SWIFT_EMIT_LOC_STRINGS = NO;
				SWIFT_VERSION = 5.0;
				TARGETED_DEVICE_FAMILY = "1,2";
				TEST_HOST = "$(BUILT_PRODUCTS_DIR)/Clubi.app/$(BUNDLE_EXECUTABLE_FOLDER_PATH)/Clubi";
			};
			name = Debug;
		};
		304F23B72E36850D0052631F /* Release */ = {
			isa = XCBuildConfiguration;
			buildSettings = {
				BUNDLE_LOADER = "$(TEST_HOST)";
				CODE_SIGN_STYLE = Automatic;
				CURRENT_PROJECT_VERSION = 1;
				DEVELOPMENT_TEAM = MGX2XCNU48;
				GENERATE_INFOPLIST_FILE = YES;
				IPHONEOS_DEPLOYMENT_TARGET = 18.2;
				MARKETING_VERSION = 1.0;
				PRODUCT_BUNDLE_IDENTIFIER = Ron.ClubiTests;
				PRODUCT_NAME = "$(TARGET_NAME)";
				SWIFT_EMIT_LOC_STRINGS = NO;
				SWIFT_VERSION = 5.0;
				TARGETED_DEVICE_FAMILY = "1,2";
				TEST_HOST = "$(BUILT_PRODUCTS_DIR)/Clubi.app/$(BUNDLE_EXECUTABLE_FOLDER_PATH)/Clubi";
			};
			name = Release;
		};
		304F23B92E36850D0052631F /* Debug */ = {
			isa = XCBuildConfiguration;
			buildSettings = {
				CODE_SIGN_STYLE = Automatic;
				CURRENT_PROJECT_VERSION = 1;
				DEVELOPMENT_TEAM = MGX2XCNU48;
				GENERATE_INFOPLIST_FILE = YES;
				MARKETING_VERSION = 1.0;
				PRODUCT_BUNDLE_IDENTIFIER = Ron.ClubiUITests;
				PRODUCT_NAME = "$(TARGET_NAME)";
				SWIFT_EMIT_LOC_STRINGS = NO;
				SWIFT_VERSION = 5.0;
				TARGETED_DEVICE_FAMILY = "1,2";
				TEST_TARGET_NAME = Clubi;
			};
			name = Debug;
		};
		304F23BA2E36850D0052631F /* Release */ = {
			isa = XCBuildConfiguration;
			buildSettings = {
				CODE_SIGN_STYLE = Automatic;
				CURRENT_PROJECT_VERSION = 1;
				DEVELOPMENT_TEAM = MGX2XCNU48;
				GENERATE_INFOPLIST_FILE = YES;
				MARKETING_VERSION = 1.0;
				PRODUCT_BUNDLE_IDENTIFIER = Ron.ClubiUITests;
				PRODUCT_NAME = "$(TARGET_NAME)";
				SWIFT_EMIT_LOC_STRINGS = NO;
				SWIFT_VERSION = 5.0;
				TARGETED_DEVICE_FAMILY = "1,2";
				TEST_TARGET_NAME = Clubi;
			};
			name = Release;
		};
/* End XCBuildConfiguration section */

/* Begin XCConfigurationList section */
		304F23872E36850C0052631F /* Build configuration list for PBXProject "Clubi" */ = {
			isa = XCConfigurationList;
			buildConfigurations = (
				304F23B02E36850D0052631F /* Debug */,
				304F23B12E36850D0052631F /* Release */,
			);
			defaultConfigurationIsVisible = 0;
			defaultConfigurationName = Release;
		};
		304F23B22E36850D0052631F /* Build configuration list for PBXNativeTarget "Clubi" */ = {
			isa = XCConfigurationList;
			buildConfigurations = (
				304F23B32E36850D0052631F /* Debug */,
				304F23B42E36850D0052631F /* Release */,
			);
			defaultConfigurationIsVisible = 0;
			defaultConfigurationName = Release;
		};
		304F23B52E36850D0052631F /* Build configuration list for PBXNativeTarget "ClubiTests" */ = {
			isa = XCConfigurationList;
			buildConfigurations = (
				304F23B62E36850D0052631F /* Debug */,
				304F23B72E36850D0052631F /* Release */,
			);
			defaultConfigurationIsVisible = 0;
			defaultConfigurationName = Release;
		};
		304F23B82E36850D0052631F /* Build configuration list for PBXNativeTarget "ClubiUITests" */ = {
			isa = XCConfigurationList;
			buildConfigurations = (
				304F23B92E36850D0052631F /* Debug */,
				304F23BA2E36850D0052631F /* Release */,
			);
			defaultConfigurationIsVisible = 0;
			defaultConfigurationName = Release;
		};
/* End XCConfigurationList section */

/* Begin XCRemoteSwiftPackageReference section */
		300F23E92E4181C300711F22 /* XCRemoteSwiftPackageReference "firebase-ios-sdk" */ = {
			isa = XCRemoteSwiftPackageReference;
			repositoryURL = "https://github.com/firebase/firebase-ios-sdk";
			requirement = {
				kind = upToNextMajorVersion;
				minimumVersion = 12.1.0;
			};
		};
/* End XCRemoteSwiftPackageReference section */

/* Begin XCSwiftPackageProductDependency section */
		300F23EA2E4181C300711F22 /* FirebaseAuth */ = {
			isa = XCSwiftPackageProductDependency;
			package = 300F23E92E4181C300711F22 /* XCRemoteSwiftPackageReference "firebase-ios-sdk" */;
			productName = FirebaseAuth;
		};
		30802E172E491B76006144CE /* FirebaseFirestore */ = {
			isa = XCSwiftPackageProductDependency;
			package = 300F23E92E4181C300711F22 /* XCRemoteSwiftPackageReference "firebase-ios-sdk" */;
			productName = FirebaseFirestore;
		};
/* End XCSwiftPackageProductDependency section */
	};
	rootObject = 304F23842E36850C0052631F /* Project object */;
}
